// !$*UTF8*$!
{
	archiveVersion = 1;
	classes = {
	};
	objectVersion = 55;
	objects = {

/* Begin PBXBuildFile section */
		1F8C49452C92B6310035BD7E /* AppDelegate.swift in Sources */ = {isa = PBXBuildFile; fileRef = 1F8C49442C92B6310035BD7E /* AppDelegate.swift */; };
		1F8C49472C92B6310035BD7E /* SceneDelegate.swift in Sources */ = {isa = PBXBuildFile; fileRef = 1F8C49462C92B6310035BD7E /* SceneDelegate.swift */; };
		1F8C49492C92B6310035BD7E /* ViewController.swift in Sources */ = {isa = PBXBuildFile; fileRef = 1F8C49482C92B6310035BD7E /* ViewController.swift */; };
		1F8C494C2C92B6310035BD7E /* Main.storyboard in Resources */ = {isa = PBXBuildFile; fileRef = 1F8C494A2C92B6310035BD7E /* Main.storyboard */; };
		1F8C494E2C92B6340035BD7E /* Assets.xcassets in Resources */ = {isa = PBXBuildFile; fileRef = 1F8C494D2C92B6340035BD7E /* Assets.xcassets */; };
		1F8C49512C92B6340035BD7E /* LaunchScreen.storyboard in Resources */ = {isa = PBXBuildFile; fileRef = 1F8C494F2C92B6340035BD7E /* LaunchScreen.storyboard */; };
		1F8C49632C92B97A0035BD7E /* CustomTabBarController.swift in Sources */ = {isa = PBXBuildFile; fileRef = 1F8C49612C92B97A0035BD7E /* CustomTabBarController.swift */; };
		1F8C49642C92B97A0035BD7E /* CustomTabBarController.xib in Resources */ = {isa = PBXBuildFile; fileRef = 1F8C49622C92B97A0035BD7E /* CustomTabBarController.xib */; };
/* End PBXBuildFile section */

/* Begin PBXFileReference section */
		1F8C49412C92B6310035BD7E /* AnimatedTabBar.app */ = {isa = PBXFileReference; explicitFileType = wrapper.application; includeInIndex = 0; path = AnimatedTabBar.app; sourceTree = BUILT_PRODUCTS_DIR; };
		1F8C49442C92B6310035BD7E /* AppDelegate.swift */ = {isa = PBXFileReference; lastKnownFileType = sourcecode.swift; path = AppDelegate.swift; sourceTree = "<group>"; };
		1F8C49462C92B6310035BD7E /* SceneDelegate.swift */ = {isa = PBXFileReference; lastKnownFileType = sourcecode.swift; path = SceneDelegate.swift; sourceTree = "<group>"; };
		1F8C49482C92B6310035BD7E /* ViewController.swift */ = {isa = PBXFileReference; lastKnownFileType = sourcecode.swift; path = ViewController.swift; sourceTree = "<group>"; };
		1F8C494B2C92B6310035BD7E /* Base */ = {isa = PBXFileReference; lastKnownFileType = file.storyboard; name = Base; path = Base.lproj/Main.storyboard; sourceTree = "<group>"; };
		1F8C494D2C92B6340035BD7E /* Assets.xcassets */ = {isa = PBXFileReference; lastKnownFileType = folder.assetcatalog; path = Assets.xcassets; sourceTree = "<group>"; };
		1F8C49502C92B6340035BD7E /* Base */ = {isa = PBXFileReference; lastKnownFileType = file.storyboard; name = Base; path = Base.lproj/LaunchScreen.storyboard; sourceTree = "<group>"; };
		1F8C49522C92B6340035BD7E /* Info.plist */ = {isa = PBXFileReference; lastKnownFileType = text.plist.xml; path = Info.plist; sourceTree = "<group>"; };
		1F8C49612C92B97A0035BD7E /* CustomTabBarController.swift */ = {isa = PBXFileReference; lastKnownFileType = sourcecode.swift; path = CustomTabBarController.swift; sourceTree = "<group>"; };
		1F8C49622C92B97A0035BD7E /* CustomTabBarController.xib */ = {isa = PBXFileReference; lastKnownFileType = file.xib; path = CustomTabBarController.xib; sourceTree = "<group>"; };
/* End PBXFileReference section */

/* Begin PBXFrameworksBuildPhase section */
		1F8C493E2C92B6310035BD7E /* Frameworks */ = {
			isa = PBXFrameworksBuildPhase;
			buildActionMask = 2147483647;
			files = (
			);
			runOnlyForDeploymentPostprocessing = 0;
		};
/* End PBXFrameworksBuildPhase section */

/* Begin PBXGroup section */
		1F8C49382C92B6300035BD7E = {
			isa = PBXGroup;
			children = (
				1F8C49432C92B6310035BD7E /* AnimatedTabBar */,
				1F8C49422C92B6310035BD7E /* Products */,
			);
			sourceTree = "<group>";
		};
		1F8C49422C92B6310035BD7E /* Products */ = {
			isa = PBXGroup;
			children = (
				1F8C49412C92B6310035BD7E /* AnimatedTabBar.app */,
			);
			name = Products;
			sourceTree = "<group>";
		};
		1F8C49432C92B6310035BD7E /* AnimatedTabBar */ = {
			isa = PBXGroup;
			children = (
				1F8C495A2C92B6750035BD7E /* Storyboard */,
				1F8C49592C92B6610035BD7E /* App */,
				1F8C49582C92B6520035BD7E /* Views */,
				1F8C495C2C92B7BD0035BD7E /* CustomTabBar */,
				1F8C495B2C92B7A30035BD7E /* Assets */,
				1F8C49522C92B6340035BD7E /* Info.plist */,
			);
			path = AnimatedTabBar;
			sourceTree = "<group>";
		};
		1F8C49582C92B6520035BD7E /* Views */ = {
			isa = PBXGroup;
			children = (
				1F8C49482C92B6310035BD7E /* ViewController.swift */,
			);
			path = Views;
			sourceTree = "<group>";
		};
		1F8C49592C92B6610035BD7E /* App */ = {
			isa = PBXGroup;
			children = (
				1F8C49442C92B6310035BD7E /* AppDelegate.swift */,
				1F8C49462C92B6310035BD7E /* SceneDelegate.swift */,
			);
			path = App;
			sourceTree = "<group>";
		};
		1F8C495A2C92B6750035BD7E /* Storyboard */ = {
			isa = PBXGroup;
			children = (
				1F8C494F2C92B6340035BD7E /* LaunchScreen.storyboard */,
				1F8C494A2C92B6310035BD7E /* Main.storyboard */,
			);
			path = Storyboard;
			sourceTree = "<group>";
		};
		1F8C495B2C92B7A30035BD7E /* Assets */ = {
			isa = PBXGroup;
			children = (
				1F8C494D2C92B6340035BD7E /* Assets.xcassets */,
			);
			path = Assets;
			sourceTree = "<group>";
		};
		1F8C495C2C92B7BD0035BD7E /* CustomTabBar */ = {
			isa = PBXGroup;
			children = (
				1F8C49612C92B97A0035BD7E /* CustomTabBarController.swift */,
				1F8C49622C92B97A0035BD7E /* CustomTabBarController.xib */,
			);
			path = CustomTabBar;
			sourceTree = "<group>";
		};
/* End PBXGroup section */

/* Begin PBXNativeTarget section */
		1F8C49402C92B6310035BD7E /* AnimatedTabBar */ = {
			isa = PBXNativeTarget;
			buildConfigurationList = 1F8C49552C92B6340035BD7E /* Build configuration list for PBXNativeTarget "AnimatedTabBar" */;
			buildPhases = (
				1F8C493D2C92B6310035BD7E /* Sources */,
				1F8C493E2C92B6310035BD7E /* Frameworks */,
				1F8C493F2C92B6310035BD7E /* Resources */,
			);
			buildRules = (
			);
			dependencies = (
			);
			name = AnimatedTabBar;
			productName = AnimatedTabBar;
			productReference = 1F8C49412C92B6310035BD7E /* AnimatedTabBar.app */;
			productType = "com.apple.product-type.application";
		};
/* End PBXNativeTarget section */

/* Begin PBXProject section */
		1F8C49392C92B6300035BD7E /* Project object */ = {
			isa = PBXProject;
			attributes = {
				BuildIndependentTargetsInParallel = 1;
				LastSwiftUpdateCheck = 1300;
				LastUpgradeCheck = 1300;
				TargetAttributes = {
					1F8C49402C92B6310035BD7E = {
						CreatedOnToolsVersion = 13.0;
					};
				};
			};
			buildConfigurationList = 1F8C493C2C92B6300035BD7E /* Build configuration list for PBXProject "AnimatedTabBar" */;
			compatibilityVersion = "Xcode 13.0";
			developmentRegion = en;
			hasScannedForEncodings = 0;
			knownRegions = (
				en,
				Base,
			);
			mainGroup = 1F8C49382C92B6300035BD7E;
			productRefGroup = 1F8C49422C92B6310035BD7E /* Products */;
			projectDirPath = "";
			projectRoot = "";
			targets = (
				1F8C49402C92B6310035BD7E /* AnimatedTabBar */,
			);
		};
/* End PBXProject section */

/* Begin PBXResourcesBuildPhase section */
		1F8C493F2C92B6310035BD7E /* Resources */ = {
			isa = PBXResourcesBuildPhase;
			buildActionMask = 2147483647;
			files = (
				1F8C49642C92B97A0035BD7E /* CustomTabBarController.xib in Resources */,
				1F8C49512C92B6340035BD7E /* LaunchScreen.storyboard in Resources */,
				1F8C494E2C92B6340035BD7E /* Assets.xcassets in Resources */,
				1F8C494C2C92B6310035BD7E /* Main.storyboard in Resources */,
			);
			runOnlyForDeploymentPostprocessing = 0;
		};
/* End PBXResourcesBuildPhase section */

/* Begin PBXSourcesBuildPhase section */
		1F8C493D2C92B6310035BD7E /* Sources */ = {
			isa = PBXSourcesBuildPhase;
			buildActionMask = 2147483647;
			files = (
				1F8C49492C92B6310035BD7E /* ViewController.swift in Sources */,
				1F8C49452C92B6310035BD7E /* AppDelegate.swift in Sources */,
				1F8C49632C92B97A0035BD7E /* CustomTabBarController.swift in Sources */,
				1F8C49472C92B6310035BD7E /* SceneDelegate.swift in Sources */,
			);
			runOnlyForDeploymentPostprocessing = 0;
		};
/* End PBXSourcesBuildPhase section */

/* Begin PBXVariantGroup section */
		1F8C494A2C92B6310035BD7E /* Main.storyboard */ = {
			isa = PBXVariantGroup;
			children = (
				1F8C494B2C92B6310035BD7E /* Base */,
			);
			name = Main.storyboard;
			sourceTree = "<group>";
		};
		1F8C494F2C92B6340035BD7E /* LaunchScreen.storyboard */ = {
			isa = PBXVariantGroup;
			children = (
				1F8C49502C92B6340035BD7E /* Base */,
			);
			name = LaunchScreen.storyboard;
			sourceTree = "<group>";
		};
/* End PBXVariantGroup section */

/* Begin XCBuildConfiguration section */
		1F8C49532C92B6340035BD7E /* Debug */ = {
			isa = XCBuildConfiguration;
			buildSettings = {
				ALWAYS_SEARCH_USER_PATHS = NO;
				CLANG_ANALYZER_NONNULL = YES;
				CLANG_ANALYZER_NUMBER_OBJECT_CONVERSION = YES_AGGRESSIVE;
				CLANG_CXX_LANGUAGE_STANDARD = "gnu++17";
				CLANG_CXX_LIBRARY = "libc++";
				CLANG_ENABLE_MODULES = YES;
				CLANG_ENABLE_OBJC_ARC = YES;
				CLANG_ENABLE_OBJC_WEAK = YES;
				CLANG_WARN_BLOCK_CAPTURE_AUTORELEASING = YES;
				CLANG_WARN_BOOL_CONVERSION = YES;
				CLANG_WARN_COMMA = YES;
				CLANG_WARN_CONSTANT_CONVERSION = YES;
				CLANG_WARN_DEPRECATED_OBJC_IMPLEMENTATIONS = YES;
				CLANG_WARN_DIRECT_OBJC_ISA_USAGE = YES_ERROR;
				CLANG_WARN_DOCUMENTATION_COMMENTS = YES;
				CLANG_WARN_EMPTY_BODY = YES;
				CLANG_WARN_ENUM_CONVERSION = YES;
				CLANG_WARN_INFINITE_RECURSION = YES;
				CLANG_WARN_INT_CONVERSION = YES;
				CLANG_WARN_NON_LITERAL_NULL_CONVERSION = YES;
				CLANG_WARN_OBJC_IMPLICIT_RETAIN_SELF = YES;
				CLANG_WARN_OBJC_LITERAL_CONVERSION = YES;
				CLANG_WARN_OBJC_ROOT_CLASS = YES_ERROR;
				CLANG_WARN_QUOTED_INCLUDE_IN_FRAMEWORK_HEADER = YES;
				CLANG_WARN_RANGE_LOOP_ANALYSIS = YES;
				CLANG_WARN_STRICT_PROTOTYPES = YES;
				CLANG_WARN_SUSPICIOUS_MOVE = YES;
				CLANG_WARN_UNGUARDED_AVAILABILITY = YES_AGGRESSIVE;
				CLANG_WARN_UNREACHABLE_CODE = YES;
				CLANG_WARN__DUPLICATE_METHOD_MATCH = YES;
				COPY_PHASE_STRIP = NO;
				DEBUG_INFORMATION_FORMAT = dwarf;
				ENABLE_STRICT_OBJC_MSGSEND = YES;
				ENABLE_TESTABILITY = YES;
				GCC_C_LANGUAGE_STANDARD = gnu11;
				GCC_DYNAMIC_NO_PIC = NO;
				GCC_NO_COMMON_BLOCKS = YES;
				GCC_OPTIMIZATION_LEVEL = 0;
				GCC_PREPROCESSOR_DEFINITIONS = (
					"DEBUG=1",
					"$(inherited)",
				);
				GCC_WARN_64_TO_32_BIT_CONVERSION = YES;
				GCC_WARN_ABOUT_RETURN_TYPE = YES_ERROR;
				GCC_WARN_UNDECLARED_SELECTOR = YES;
				GCC_WARN_UNINITIALIZED_AUTOS = YES_AGGRESSIVE;
				GCC_WARN_UNUSED_FUNCTION = YES;
				GCC_WARN_UNUSED_VARIABLE = YES;
				IPHONEOS_DEPLOYMENT_TARGET = 15.0;
				MTL_ENABLE_DEBUG_INFO = INCLUDE_SOURCE;
				MTL_FAST_MATH = YES;
				ONLY_ACTIVE_ARCH = YES;
				SDKROOT = iphoneos;
				SWIFT_ACTIVE_COMPILATION_CONDITIONS = DEBUG;
				SWIFT_OPTIMIZATION_LEVEL = "-Onone";
			};
			name = Debug;
		};
		1F8C49542C92B6340035BD7E /* Release */ = {
			isa = XCBuildConfiguration;
			buildSettings = {
				ALWAYS_SEARCH_USER_PATHS = NO;
				CLANG_ANALYZER_NONNULL = YES;
				CLANG_ANALYZER_NUMBER_OBJECT_CONVERSION = YES_AGGRESSIVE;
				CLANG_CXX_LANGUAGE_STANDARD = "gnu++17";
				CLANG_CXX_LIBRARY = "libc++";
				CLANG_ENABLE_MODULES = YES;
				CLANG_ENABLE_OBJC_ARC = YES;
				CLANG_ENABLE_OBJC_WEAK = YES;
				CLANG_WARN_BLOCK_CAPTURE_AUTORELEASING = YES;
				CLANG_WARN_BOOL_CONVERSION = YES;
				CLANG_WARN_COMMA = YES;
				CLANG_WARN_CONSTANT_CONVERSION = YES;
				CLANG_WARN_DEPRECATED_OBJC_IMPLEMENTATIONS = YES;
				CLANG_WARN_DIRECT_OBJC_ISA_USAGE = YES_ERROR;
				CLANG_WARN_DOCUMENTATION_COMMENTS = YES;
				CLANG_WARN_EMPTY_BODY = YES;
				CLANG_WARN_ENUM_CONVERSION = YES;
				CLANG_WARN_INFINITE_RECURSION = YES;
				CLANG_WARN_INT_CONVERSION = YES;
				CLANG_WARN_NON_LITERAL_NULL_CONVERSION = YES;
				CLANG_WARN_OBJC_IMPLICIT_RETAIN_SELF = YES;
				CLANG_WARN_OBJC_LITERAL_CONVERSION = YES;
				CLANG_WARN_OBJC_ROOT_CLASS = YES_ERROR;
				CLANG_WARN_QUOTED_INCLUDE_IN_FRAMEWORK_HEADER = YES;
				CLANG_WARN_RANGE_LOOP_ANALYSIS = YES;
				CLANG_WARN_STRICT_PROTOTYPES = YES;
				CLANG_WARN_SUSPICIOUS_MOVE = YES;
				CLANG_WARN_UNGUARDED_AVAILABILITY = YES_AGGRESSIVE;
				CLANG_WARN_UNREACHABLE_CODE = YES;
				CLANG_WARN__DUPLICATE_METHOD_MATCH = YES;
				COPY_PHASE_STRIP = NO;
				DEBUG_INFORMATION_FORMAT = "dwarf-with-dsym";
				ENABLE_NS_ASSERTIONS = NO;
				ENABLE_STRICT_OBJC_MSGSEND = YES;
				GCC_C_LANGUAGE_STANDARD = gnu11;
				GCC_NO_COMMON_BLOCKS = YES;
				GCC_WARN_64_TO_32_BIT_CONVERSION = YES;
				GCC_WARN_ABOUT_RETURN_TYPE = YES_ERROR;
				GCC_WARN_UNDECLARED_SELECTOR = YES;
				GCC_WARN_UNINITIALIZED_AUTOS = YES_AGGRESSIVE;
				GCC_WARN_UNUSED_FUNCTION = YES;
				GCC_WARN_UNUSED_VARIABLE = YES;
				IPHONEOS_DEPLOYMENT_TARGET = 15.0;
				MTL_ENABLE_DEBUG_INFO = NO;
				MTL_FAST_MATH = YES;
				SDKROOT = iphoneos;
				SWIFT_COMPILATION_MODE = wholemodule;
				SWIFT_OPTIMIZATION_LEVEL = "-O";
				VALIDATE_PRODUCT = YES;
			};
			name = Release;
		};
		1F8C49562C92B6340035BD7E /* Debug */ = {
			isa = XCBuildConfiguration;
			buildSettings = {
				ASSETCATALOG_COMPILER_APPICON_NAME = AppIcon;
				ASSETCATALOG_COMPILER_GLOBAL_ACCENT_COLOR_NAME = AccentColor;
				CODE_SIGN_STYLE = Automatic;
				CURRENT_PROJECT_VERSION = 1;
				GENERATE_INFOPLIST_FILE = YES;
				INFOPLIST_FILE = AnimatedTabBar/Info.plist;
				INFOPLIST_KEY_UIApplicationSupportsIndirectInputEvents = YES;
				INFOPLIST_KEY_UILaunchStoryboardName = LaunchScreen;
				INFOPLIST_KEY_UIMainStoryboardFile = Main;
				INFOPLIST_KEY_UISupportedInterfaceOrientations_iPad = "UIInterfaceOrientationPortrait UIInterfaceOrientationPortraitUpsideDown UIInterfaceOrientationLandscapeLeft UIInterfaceOrientationLandscapeRight";
				INFOPLIST_KEY_UISupportedInterfaceOrientations_iPhone = "UIInterfaceOrientationPortrait UIInterfaceOrientationLandscapeLeft UIInterfaceOrientationLandscapeRight";
				LD_RUNPATH_SEARCH_PATHS = (
					"$(inherited)",
					"@executable_path/Frameworks",
				);
				MARKETING_VERSION = 1.0;
				PRODUCT_BUNDLE_IDENTIFIER = Reapmind.AnimatedTabBar;
				PRODUCT_NAME = "$(TARGET_NAME)";
				SWIFT_EMIT_LOC_STRINGS = YES;
				SWIFT_VERSION = 5.0;
				TARGETED_DEVICE_FAMILY = "1,2";
			};
			name = Debug;
		};
		1F8C49572C92B6340035BD7E /* Release */ = {
			isa = XCBuildConfiguration;
			buildSettings = {
				ASSETCATALOG_COMPILER_APPICON_NAME = AppIcon;
				ASSETCATALOG_COMPILER_GLOBAL_ACCENT_COLOR_NAME = AccentColor;
				CODE_SIGN_STYLE = Automatic;
				CURRENT_PROJECT_VERSION = 1;
				GENERATE_INFOPLIST_FILE = YES;
				INFOPLIST_FILE = AnimatedTabBar/Info.plist;
				INFOPLIST_KEY_UIApplicationSupportsIndirectInputEvents = YES;
				INFOPLIST_KEY_UILaunchStoryboardName = LaunchScreen;
				INFOPLIST_KEY_UIMainStoryboardFile = Main;
				INFOPLIST_KEY_UISupportedInterfaceOrientations_iPad = "UIInterfaceOrientationPortrait UIInterfaceOrientationPortraitUpsideDown UIInterfaceOrientationLandscapeLeft UIInterfaceOrientationLandscapeRight";
				INFOPLIST_KEY_UISupportedInterfaceOrientations_iPhone = "UIInterfaceOrientationPortrait UIInterfaceOrientationLandscapeLeft UIInterfaceOrientationLandscapeRight";
				LD_RUNPATH_SEARCH_PATHS = (
					"$(inherited)",
					"@executable_path/Frameworks",
				);
				MARKETING_VERSION = 1.0;
				PRODUCT_BUNDLE_IDENTIFIER = Reapmind.AnimatedTabBar;
				PRODUCT_NAME = "$(TARGET_NAME)";
				SWIFT_EMIT_LOC_STRINGS = YES;
				SWIFT_VERSION = 5.0;
				TARGETED_DEVICE_FAMILY = "1,2";
			};
			name = Release;
		};
/* End XCBuildConfiguration section */

/* Begin XCConfigurationList section */
		1F8C493C2C92B6300035BD7E /* Build configuration list for PBXProject "AnimatedTabBar" */ = {
			isa = XCConfigurationList;
			buildConfigurations = (
				1F8C49532C92B6340035BD7E /* Debug */,
				1F8C49542C92B6340035BD7E /* Release */,
			);
			defaultConfigurationIsVisible = 0;
			defaultConfigurationName = Release;
		};
		1F8C49552C92B6340035BD7E /* Build configuration list for PBXNativeTarget "AnimatedTabBar" */ = {
			isa = XCConfigurationList;
			buildConfigurations = (
				1F8C49562C92B6340035BD7E /* Debug */,
				1F8C49572C92B6340035BD7E /* Release */,
			);
			defaultConfigurationIsVisible = 0;
			defaultConfigurationName = Release;
		};
/* End XCConfigurationList section */
	};
	rootObject = 1F8C49392C92B6300035BD7E /* Project object */;
}
